
Microsoft Visual Studio Solution File, Format Version 12.00
# Visual Studio Version 17
VisualStudioVersion = 17.12.35527.113
MinimumVisualStudioVersion = 10.0.40219.1
Project("{FAE04EC0-301F-11D3-BF4B-00C04F79EFBC}") = "Demo.DataAccess", "Demo.DataAccess\Demo.DataAccess.csproj", "{270D2637-FD03-4BF3-85D2-E1C2480752FD}"
EndProject
Project("{FAE04EC0-301F-11D3-BF4B-00C04F79EFBC}") = "Route.Demo.PL", "Route.Demo.PL\Route.Demo.PL.csproj", "{CFBF3DC8-ECAF-4DA6-8530-F269DA091557}"
EndProject
Project("{FAE04EC0-301F-11D3-BF4B-00C04F79EFBC}") = "Demo.BusinessLogic", "Demo.BUsinessLogic\Demo.BusinessLogic.csproj", "{A5C9803C-B387-4B8C-B50A-E4DE655EBBB9}"
EndProject
Global
	GlobalSection(SolutionConfigurationPlatforms) = preSolution
		Debug|Any CPU = Debug|Any CPU
		Release|Any CPU = Release|Any CPU
	EndGlobalSection
	GlobalSection(ProjectConfigurationPlatforms) = postSolution
		{270D2637-FD03-4BF3-85D2-E1C2480752FD}.Debug|Any CPU.ActiveCfg = Debug|Any CPU
		{270D2637-FD03-4BF3-85D2-E1C2480752FD}.Debug|Any CPU.Build.0 = Debug|Any CPU
		{270D2637-FD03-4BF3-85D2-E1C2480752FD}.Release|Any CPU.ActiveCfg = Release|Any CPU
		{270D2637-FD03-4BF3-85D2-E1C2480752FD}.Release|Any CPU.Build.0 = Release|Any CPU
		{CFBF3DC8-ECAF-4DA6-8530-F269DA091557}.Debug|Any CPU.ActiveCfg = Debug|Any CPU
		{CFBF3DC8-ECAF-4DA6-8530-F269DA091557}.Debug|Any CPU.Build.0 = Debug|Any CPU
		{CFBF3DC8-ECAF-4DA6-8530-F269DA091557}.Release|Any CPU.ActiveCfg = Release|Any CPU
		{CFBF3DC8-ECAF-4DA6-8530-F269DA091557}.Release|Any CPU.Build.0 = Release|Any CPU
		{A5C9803C-B387-4B8C-B50A-E4DE655EBBB9}.Debug|Any CPU.ActiveCfg = Debug|Any CPU
		{A5C9803C-B387-4B8C-B50A-E4DE655EBBB9}.Debug|Any CPU.Build.0 = Debug|Any CPU
		{A5C9803C-B387-4B8C-B50A-E4DE655EBBB9}.Release|Any CPU.ActiveCfg = Release|Any CPU
		{A5C9803C-B387-4B8C-B50A-E4DE655EBBB9}.Release|Any CPU.Build.0 = Release|Any CPU
	EndGlobalSection
	GlobalSection(SolutionProperties) = preSolution
		HideSolutionNode = FALSE
	EndGlobalSection
EndGlobal
